
Microsoft Visual Studio Solution File, Format Version 12.00
# Visual Studio Version 17
VisualStudioVersion = 17.11.35222.181
MinimumVisualStudioVersion = 10.0.40219.1
Project("{FAE04EC0-301F-11D3-BF4B-00C04F79EFBC}") = "webApi", "webApi\webApi.csproj", "{5026FAC4-B800-4D74-B2B7-C8740650E5B9}"
EndProject
Global
	GlobalSection(SolutionConfigurationPlatforms) = preSolution
		Debug|Any CPU = Debug|Any CPU
		Release|Any CPU = Release|Any CPU
	EndGlobalSection
	GlobalSection(ProjectConfigurationPlatforms) = postSolution
		{5026FAC4-B800-4D74-B2B7-C8740650E5B9}.Debug|Any CPU.ActiveCfg = Debug|Any CPU
		{5026FAC4-B800-4D74-B2B7-C8740650E5B9}.Debug|Any CPU.Build.0 = Debug|Any CPU
		{5026FAC4-B800-4D74-B2B7-C8740650E5B9}.Release|Any CPU.ActiveCfg = Release|Any CPU
		{5026FAC4-B800-4D74-B2B7-C8740650E5B9}.Release|Any CPU.Build.0 = Release|Any CPU
	EndGlobalSection
	GlobalSection(SolutionProperties) = preSolution
		HideSolutionNode = FALSE
	EndGlobalSection
	GlobalSection(ExtensibilityGlobals) = postSolution
		SolutionGuid = {0398C223-EEC5-49BD-B322-46BFD89EDC0A}
	EndGlobalSection
EndGlobal
